
Microsoft Visual Studio Solution File, Format Version 12.00
# Visual Studio Version 17
VisualStudioVersion = 17.0.31903.59
MinimumVisualStudioVersion = 10.0.40219.1
Project("{FAE04EC0-301F-11D3-BF4B-00C04F79EFBC}") = "KeepLordWarriors", "Game\src\KeepLordWarriors.csproj", "{24A2F8EF-E361-4CD6-B1FE-716F7E996E1C}"
EndProject
Project("{FAE04EC0-301F-11D3-BF4B-00C04F79EFBC}") = "KeepLordWarriorsTests", "Game\test\KeepLordWarriorsTests.csproj", "{0AA6AA86-83F1-43B0-8DC5-2A8A1B204FE9}"
EndProject
Project("{FAE04EC0-301F-11D3-BF4B-00C04F79EFBC}") = "MatchmakingServer", "MatchmakingServer\src\MatchmakingServer.csproj", "{4C8754E3-01B8-4A32-B911-FC81CAF9B736}"
EndProject
Project("{FAE04EC0-301F-11D3-BF4B-00C04F79EFBC}") = "Messaging", "Messaging\Messaging.csproj", "{10ED8EEC-28F6-4E9E-9B4A-EEA4A2941701}"
EndProject
Project("{FAE04EC0-301F-11D3-BF4B-00C04F79EFBC}") = "HostServer", "HostServer\src\HostServer.csproj", "{30A71452-EE14-46EE-ABAE-E1532B63CDDD}"
EndProject
Project("{2150E333-8FDC-42A3-9474-1A3956D46DE8}") = "HostServer\src", "HostServer\src", "{94AE46DF-BDAA-4203-8A83-A7EF060DA221}"
EndProject
Project("{2150E333-8FDC-42A3-9474-1A3956D46DE8}") = "HostServer", "HostServer", "{711805BD-E780-48DB-A061-C8FDDD9DC314}"
EndProject
Project("{FAE04EC0-301F-11D3-BF4B-00C04F79EFBC}") = "test", "HostServer\test\test.csproj", "{15E6001F-ED9B-4024-8679-2F4AF0D5D670}"
EndProject
Project("{2150E333-8FDC-42A3-9474-1A3956D46DE8}") = "GameServer", "GameServer", "{F8F9152C-461F-41F3-9ECE-43D727376001}"
EndProject
Project("{FAE04EC0-301F-11D3-BF4B-00C04F79EFBC}") = "GameServer", "GameServer\src\GameServer.csproj", "{14450E5B-0D25-479D-87A2-1DD6FDD4B18C}"
EndProject
Global
	GlobalSection(SolutionConfigurationPlatforms) = preSolution
		Debug|Any CPU = Debug|Any CPU
		Release|Any CPU = Release|Any CPU
	EndGlobalSection
	GlobalSection(SolutionProperties) = preSolution
		HideSolutionNode = FALSE
	EndGlobalSection
	GlobalSection(ProjectConfigurationPlatforms) = postSolution
		{24A2F8EF-E361-4CD6-B1FE-716F7E996E1C}.Debug|Any CPU.ActiveCfg = Debug|Any CPU
		{24A2F8EF-E361-4CD6-B1FE-716F7E996E1C}.Debug|Any CPU.Build.0 = Debug|Any CPU
		{24A2F8EF-E361-4CD6-B1FE-716F7E996E1C}.Release|Any CPU.ActiveCfg = Release|Any CPU
		{24A2F8EF-E361-4CD6-B1FE-716F7E996E1C}.Release|Any CPU.Build.0 = Release|Any CPU
		{0AA6AA86-83F1-43B0-8DC5-2A8A1B204FE9}.Debug|Any CPU.ActiveCfg = Debug|Any CPU
		{0AA6AA86-83F1-43B0-8DC5-2A8A1B204FE9}.Debug|Any CPU.Build.0 = Debug|Any CPU
		{0AA6AA86-83F1-43B0-8DC5-2A8A1B204FE9}.Release|Any CPU.ActiveCfg = Release|Any CPU
		{0AA6AA86-83F1-43B0-8DC5-2A8A1B204FE9}.Release|Any CPU.Build.0 = Release|Any CPU
		{D93A9705-D4A4-4962-9E8D-B5DAFEF56E7E}.Debug|Any CPU.ActiveCfg = Debug|Any CPU
		{D93A9705-D4A4-4962-9E8D-B5DAFEF56E7E}.Debug|Any CPU.Build.0 = Debug|Any CPU
		{D93A9705-D4A4-4962-9E8D-B5DAFEF56E7E}.Release|Any CPU.ActiveCfg = Debug|Any CPU
		{D93A9705-D4A4-4962-9E8D-B5DAFEF56E7E}.Release|Any CPU.Build.0 = Debug|Any CPU
		{4C8754E3-01B8-4A32-B911-FC81CAF9B736}.Debug|Any CPU.ActiveCfg = Debug|Any CPU
		{4C8754E3-01B8-4A32-B911-FC81CAF9B736}.Debug|Any CPU.Build.0 = Debug|Any CPU
		{4C8754E3-01B8-4A32-B911-FC81CAF9B736}.Release|Any CPU.ActiveCfg = Release|Any CPU
		{4C8754E3-01B8-4A32-B911-FC81CAF9B736}.Release|Any CPU.Build.0 = Release|Any CPU
		{10ED8EEC-28F6-4E9E-9B4A-EEA4A2941701}.Debug|Any CPU.ActiveCfg = Debug|Any CPU
		{10ED8EEC-28F6-4E9E-9B4A-EEA4A2941701}.Debug|Any CPU.Build.0 = Debug|Any CPU
		{10ED8EEC-28F6-4E9E-9B4A-EEA4A2941701}.Release|Any CPU.ActiveCfg = Release|Any CPU
		{10ED8EEC-28F6-4E9E-9B4A-EEA4A2941701}.Release|Any CPU.Build.0 = Release|Any CPU
		{30A71452-EE14-46EE-ABAE-E1532B63CDDD}.Debug|Any CPU.ActiveCfg = Debug|Any CPU
		{30A71452-EE14-46EE-ABAE-E1532B63CDDD}.Debug|Any CPU.Build.0 = Debug|Any CPU
		{30A71452-EE14-46EE-ABAE-E1532B63CDDD}.Release|Any CPU.ActiveCfg = Release|Any CPU
		{30A71452-EE14-46EE-ABAE-E1532B63CDDD}.Release|Any CPU.Build.0 = Release|Any CPU
		{15E6001F-ED9B-4024-8679-2F4AF0D5D670}.Debug|Any CPU.ActiveCfg = Debug|Any CPU
		{15E6001F-ED9B-4024-8679-2F4AF0D5D670}.Debug|Any CPU.Build.0 = Debug|Any CPU
		{15E6001F-ED9B-4024-8679-2F4AF0D5D670}.Release|Any CPU.ActiveCfg = Release|Any CPU
		{15E6001F-ED9B-4024-8679-2F4AF0D5D670}.Release|Any CPU.Build.0 = Release|Any CPU
		{14450E5B-0D25-479D-87A2-1DD6FDD4B18C}.Debug|Any CPU.ActiveCfg = Debug|Any CPU
		{14450E5B-0D25-479D-87A2-1DD6FDD4B18C}.Debug|Any CPU.Build.0 = Debug|Any CPU
		{14450E5B-0D25-479D-87A2-1DD6FDD4B18C}.Release|Any CPU.ActiveCfg = Release|Any CPU
		{14450E5B-0D25-479D-87A2-1DD6FDD4B18C}.Release|Any CPU.Build.0 = Release|Any CPU
	EndGlobalSection
	GlobalSection(NestedProjects) = preSolution
		{30A71452-EE14-46EE-ABAE-E1532B63CDDD} = {94AE46DF-BDAA-4203-8A83-A7EF060DA221}
		{15E6001F-ED9B-4024-8679-2F4AF0D5D670} = {711805BD-E780-48DB-A061-C8FDDD9DC314}
		{14450E5B-0D25-479D-87A2-1DD6FDD4B18C} = {F8F9152C-461F-41F3-9ECE-43D727376001}
	EndGlobalSection
EndGlobal
