
Microsoft Visual Studio Solution File, Format Version 12.00
# Visual Studio Version 17
VisualStudioVersion = 17.0.31903.59
MinimumVisualStudioVersion = 10.0.40219.1
Project("{2150E333-8FDC-42A3-9474-1A3956D46DE8}") = "Game", "Game", "{39198E54-53A3-441D-A6FB-1AB846E8F724}"
EndProject
Project("{FAE04EC0-301F-11D3-BF4B-00C04F79EFBC}") = "KeepLordWarriors", "Game\src\KeepLordWarriors.csproj", "{F49C0DDE-37CF-4712-B14F-CCAD48AF8D3C}"
EndProject
Project("{FAE04EC0-301F-11D3-BF4B-00C04F79EFBC}") = "KeepLordWarriorsTests", "Game\test\KeepLordWarriorsTests.csproj", "{7650E3D7-99A4-4B74-9095-6F0B1D4CC3F4}"
EndProject
Project("{2150E333-8FDC-42A3-9474-1A3956D46DE8}") = "GameServer", "GameServer", "{27A1556B-9F98-4C5A-A23C-65715D37B873}"
EndProject
Project("{FAE04EC0-301F-11D3-BF4B-00C04F79EFBC}") = "GameServer", "GameServer\src\GameServer.csproj", "{613888ED-94D6-4D50-95E1-27E6E71DD3BE}"
EndProject
Project("{2150E333-8FDC-42A3-9474-1A3956D46DE8}") = "HostServer", "HostServer", "{2A8CCABA-7307-4BB6-AC0B-829090542F59}"
EndProject
Project("{FAE04EC0-301F-11D3-BF4B-00C04F79EFBC}") = "HostServer", "HostServer\src\HostServer.csproj", "{6B6A2E6A-076A-48C0-BAA1-E5C1E3CEDAA8}"
EndProject
Project("{FAE04EC0-301F-11D3-BF4B-00C04F79EFBC}") = "test", "HostServer\test\test.csproj", "{E3BE7979-5CAE-4087-A079-6DE8B1677940}"
EndProject
Project("{2150E333-8FDC-42A3-9474-1A3956D46DE8}") = "MatchmakingServer", "MatchmakingServer", "{7BDADF90-C033-4155-A8D3-E5BFEDDDCC90}"
EndProject
Project("{FAE04EC0-301F-11D3-BF4B-00C04F79EFBC}") = "MatchmakingServer", "MatchmakingServer\src\MatchmakingServer.csproj", "{EBBBD891-639A-47F5-8D8A-AB2CFE2267DF}"
EndProject
Project("{FAE04EC0-301F-11D3-BF4B-00C04F79EFBC}") = "Messaging", "Messaging\Messaging.csproj", "{24B17B10-64BD-40BF-88C7-04233F6A7981}"
EndProject
Project("{FAE04EC0-301F-11D3-BF4B-00C04F79EFBC}") = "TestHelpers", "TestHelpers\TestHelpers.csproj", "{9C2DFE66-E9CC-4CF0-820B-E98E6AA35239}"
EndProject
Project("{FAE04EC0-301F-11D3-BF4B-00C04F79EFBC}") = "Helpers", "Helpers\Helpers.csproj", "{07F73A3E-66A4-4EDC-A982-D2359F4BAEF1}"
EndProject
Project("{FAE04EC0-301F-11D3-BF4B-00C04F79EFBC}") = "test", "MatchmakingServer\test\test.csproj", "{41AB1D5C-E3AD-4D86-A7E0-B17C2F4C02E6}"
EndProject
Global
	GlobalSection(SolutionProperties) = preSolution
		HideSolutionNode = FALSE
	EndGlobalSection
	GlobalSection(SolutionConfigurationPlatforms) = preSolution
		Debug|Any CPU = Debug|Any CPU
		Debug|x64 = Debug|x64
		Debug|x86 = Debug|x86
		Release|Any CPU = Release|Any CPU
		Release|x64 = Release|x64
		Release|x86 = Release|x86
	EndGlobalSection
	GlobalSection(ProjectConfigurationPlatforms) = postSolution
		{F49C0DDE-37CF-4712-B14F-CCAD48AF8D3C}.Debug|Any CPU.ActiveCfg = Debug|Any CPU
		{F49C0DDE-37CF-4712-B14F-CCAD48AF8D3C}.Debug|Any CPU.Build.0 = Debug|Any CPU
		{F49C0DDE-37CF-4712-B14F-CCAD48AF8D3C}.Debug|x64.ActiveCfg = Debug|Any CPU
		{F49C0DDE-37CF-4712-B14F-CCAD48AF8D3C}.Debug|x64.Build.0 = Debug|Any CPU
		{F49C0DDE-37CF-4712-B14F-CCAD48AF8D3C}.Debug|x86.ActiveCfg = Debug|Any CPU
		{F49C0DDE-37CF-4712-B14F-CCAD48AF8D3C}.Debug|x86.Build.0 = Debug|Any CPU
		{F49C0DDE-37CF-4712-B14F-CCAD48AF8D3C}.Release|Any CPU.ActiveCfg = Release|Any CPU
		{F49C0DDE-37CF-4712-B14F-CCAD48AF8D3C}.Release|Any CPU.Build.0 = Release|Any CPU
		{F49C0DDE-37CF-4712-B14F-CCAD48AF8D3C}.Release|x64.ActiveCfg = Release|Any CPU
		{F49C0DDE-37CF-4712-B14F-CCAD48AF8D3C}.Release|x64.Build.0 = Release|Any CPU
		{F49C0DDE-37CF-4712-B14F-CCAD48AF8D3C}.Release|x86.ActiveCfg = Release|Any CPU
		{F49C0DDE-37CF-4712-B14F-CCAD48AF8D3C}.Release|x86.Build.0 = Release|Any CPU
		{7650E3D7-99A4-4B74-9095-6F0B1D4CC3F4}.Debug|Any CPU.ActiveCfg = Debug|Any CPU
		{7650E3D7-99A4-4B74-9095-6F0B1D4CC3F4}.Debug|Any CPU.Build.0 = Debug|Any CPU
		{7650E3D7-99A4-4B74-9095-6F0B1D4CC3F4}.Debug|x64.ActiveCfg = Debug|Any CPU
		{7650E3D7-99A4-4B74-9095-6F0B1D4CC3F4}.Debug|x64.Build.0 = Debug|Any CPU
		{7650E3D7-99A4-4B74-9095-6F0B1D4CC3F4}.Debug|x86.ActiveCfg = Debug|Any CPU
		{7650E3D7-99A4-4B74-9095-6F0B1D4CC3F4}.Debug|x86.Build.0 = Debug|Any CPU
		{7650E3D7-99A4-4B74-9095-6F0B1D4CC3F4}.Release|Any CPU.ActiveCfg = Release|Any CPU
		{7650E3D7-99A4-4B74-9095-6F0B1D4CC3F4}.Release|Any CPU.Build.0 = Release|Any CPU
		{7650E3D7-99A4-4B74-9095-6F0B1D4CC3F4}.Release|x64.ActiveCfg = Release|Any CPU
		{7650E3D7-99A4-4B74-9095-6F0B1D4CC3F4}.Release|x64.Build.0 = Release|Any CPU
		{7650E3D7-99A4-4B74-9095-6F0B1D4CC3F4}.Release|x86.ActiveCfg = Release|Any CPU
		{7650E3D7-99A4-4B74-9095-6F0B1D4CC3F4}.Release|x86.Build.0 = Release|Any CPU
		{613888ED-94D6-4D50-95E1-27E6E71DD3BE}.Debug|Any CPU.ActiveCfg = Debug|Any CPU
		{613888ED-94D6-4D50-95E1-27E6E71DD3BE}.Debug|Any CPU.Build.0 = Debug|Any CPU
		{613888ED-94D6-4D50-95E1-27E6E71DD3BE}.Debug|x64.ActiveCfg = Debug|Any CPU
		{613888ED-94D6-4D50-95E1-27E6E71DD3BE}.Debug|x64.Build.0 = Debug|Any CPU
		{613888ED-94D6-4D50-95E1-27E6E71DD3BE}.Debug|x86.ActiveCfg = Debug|Any CPU
		{613888ED-94D6-4D50-95E1-27E6E71DD3BE}.Debug|x86.Build.0 = Debug|Any CPU
		{613888ED-94D6-4D50-95E1-27E6E71DD3BE}.Release|Any CPU.ActiveCfg = Release|Any CPU
		{613888ED-94D6-4D50-95E1-27E6E71DD3BE}.Release|Any CPU.Build.0 = Release|Any CPU
		{613888ED-94D6-4D50-95E1-27E6E71DD3BE}.Release|x64.ActiveCfg = Release|Any CPU
		{613888ED-94D6-4D50-95E1-27E6E71DD3BE}.Release|x64.Build.0 = Release|Any CPU
		{613888ED-94D6-4D50-95E1-27E6E71DD3BE}.Release|x86.ActiveCfg = Release|Any CPU
		{613888ED-94D6-4D50-95E1-27E6E71DD3BE}.Release|x86.Build.0 = Release|Any CPU
		{FFEC9CC6-0B13-48E8-B625-DD597E4945D0}.Debug|Any CPU.ActiveCfg = Debug|Any CPU
		{FFEC9CC6-0B13-48E8-B625-DD597E4945D0}.Debug|Any CPU.Build.0 = Debug|Any CPU
		{FFEC9CC6-0B13-48E8-B625-DD597E4945D0}.Debug|x64.ActiveCfg = Debug|Any CPU
		{FFEC9CC6-0B13-48E8-B625-DD597E4945D0}.Debug|x64.Build.0 = Debug|Any CPU
		{FFEC9CC6-0B13-48E8-B625-DD597E4945D0}.Debug|x86.ActiveCfg = Debug|Any CPU
		{FFEC9CC6-0B13-48E8-B625-DD597E4945D0}.Debug|x86.Build.0 = Debug|Any CPU
		{FFEC9CC6-0B13-48E8-B625-DD597E4945D0}.Release|Any CPU.ActiveCfg = Debug|Any CPU
		{FFEC9CC6-0B13-48E8-B625-DD597E4945D0}.Release|Any CPU.Build.0 = Debug|Any CPU
		{FFEC9CC6-0B13-48E8-B625-DD597E4945D0}.Release|x64.ActiveCfg = Debug|Any CPU
		{FFEC9CC6-0B13-48E8-B625-DD597E4945D0}.Release|x64.Build.0 = Debug|Any CPU
		{FFEC9CC6-0B13-48E8-B625-DD597E4945D0}.Release|x86.ActiveCfg = Debug|Any CPU
		{FFEC9CC6-0B13-48E8-B625-DD597E4945D0}.Release|x86.Build.0 = Debug|Any CPU
		{6B6A2E6A-076A-48C0-BAA1-E5C1E3CEDAA8}.Debug|Any CPU.ActiveCfg = Debug|Any CPU
		{6B6A2E6A-076A-48C0-BAA1-E5C1E3CEDAA8}.Debug|Any CPU.Build.0 = Debug|Any CPU
		{6B6A2E6A-076A-48C0-BAA1-E5C1E3CEDAA8}.Debug|x64.ActiveCfg = Debug|Any CPU
		{6B6A2E6A-076A-48C0-BAA1-E5C1E3CEDAA8}.Debug|x64.Build.0 = Debug|Any CPU
		{6B6A2E6A-076A-48C0-BAA1-E5C1E3CEDAA8}.Debug|x86.ActiveCfg = Debug|Any CPU
		{6B6A2E6A-076A-48C0-BAA1-E5C1E3CEDAA8}.Debug|x86.Build.0 = Debug|Any CPU
		{6B6A2E6A-076A-48C0-BAA1-E5C1E3CEDAA8}.Release|Any CPU.ActiveCfg = Release|Any CPU
		{6B6A2E6A-076A-48C0-BAA1-E5C1E3CEDAA8}.Release|Any CPU.Build.0 = Release|Any CPU
		{6B6A2E6A-076A-48C0-BAA1-E5C1E3CEDAA8}.Release|x64.ActiveCfg = Release|Any CPU
		{6B6A2E6A-076A-48C0-BAA1-E5C1E3CEDAA8}.Release|x64.Build.0 = Release|Any CPU
		{6B6A2E6A-076A-48C0-BAA1-E5C1E3CEDAA8}.Release|x86.ActiveCfg = Release|Any CPU
		{6B6A2E6A-076A-48C0-BAA1-E5C1E3CEDAA8}.Release|x86.Build.0 = Release|Any CPU
		{E3BE7979-5CAE-4087-A079-6DE8B1677940}.Debug|Any CPU.ActiveCfg = Debug|Any CPU
		{E3BE7979-5CAE-4087-A079-6DE8B1677940}.Debug|Any CPU.Build.0 = Debug|Any CPU
		{E3BE7979-5CAE-4087-A079-6DE8B1677940}.Debug|x64.ActiveCfg = Debug|Any CPU
		{E3BE7979-5CAE-4087-A079-6DE8B1677940}.Debug|x64.Build.0 = Debug|Any CPU
		{E3BE7979-5CAE-4087-A079-6DE8B1677940}.Debug|x86.ActiveCfg = Debug|Any CPU
		{E3BE7979-5CAE-4087-A079-6DE8B1677940}.Debug|x86.Build.0 = Debug|Any CPU
		{E3BE7979-5CAE-4087-A079-6DE8B1677940}.Release|Any CPU.ActiveCfg = Release|Any CPU
		{E3BE7979-5CAE-4087-A079-6DE8B1677940}.Release|Any CPU.Build.0 = Release|Any CPU
		{E3BE7979-5CAE-4087-A079-6DE8B1677940}.Release|x64.ActiveCfg = Release|Any CPU
		{E3BE7979-5CAE-4087-A079-6DE8B1677940}.Release|x64.Build.0 = Release|Any CPU
		{E3BE7979-5CAE-4087-A079-6DE8B1677940}.Release|x86.ActiveCfg = Release|Any CPU
		{E3BE7979-5CAE-4087-A079-6DE8B1677940}.Release|x86.Build.0 = Release|Any CPU
		{EBBBD891-639A-47F5-8D8A-AB2CFE2267DF}.Debug|Any CPU.ActiveCfg = Debug|Any CPU
		{EBBBD891-639A-47F5-8D8A-AB2CFE2267DF}.Debug|Any CPU.Build.0 = Debug|Any CPU
		{EBBBD891-639A-47F5-8D8A-AB2CFE2267DF}.Debug|x64.ActiveCfg = Debug|Any CPU
		{EBBBD891-639A-47F5-8D8A-AB2CFE2267DF}.Debug|x64.Build.0 = Debug|Any CPU
		{EBBBD891-639A-47F5-8D8A-AB2CFE2267DF}.Debug|x86.ActiveCfg = Debug|Any CPU
		{EBBBD891-639A-47F5-8D8A-AB2CFE2267DF}.Debug|x86.Build.0 = Debug|Any CPU
		{EBBBD891-639A-47F5-8D8A-AB2CFE2267DF}.Release|Any CPU.ActiveCfg = Release|Any CPU
		{EBBBD891-639A-47F5-8D8A-AB2CFE2267DF}.Release|Any CPU.Build.0 = Release|Any CPU
		{EBBBD891-639A-47F5-8D8A-AB2CFE2267DF}.Release|x64.ActiveCfg = Release|Any CPU
		{EBBBD891-639A-47F5-8D8A-AB2CFE2267DF}.Release|x64.Build.0 = Release|Any CPU
		{EBBBD891-639A-47F5-8D8A-AB2CFE2267DF}.Release|x86.ActiveCfg = Release|Any CPU
		{EBBBD891-639A-47F5-8D8A-AB2CFE2267DF}.Release|x86.Build.0 = Release|Any CPU
		{24B17B10-64BD-40BF-88C7-04233F6A7981}.Debug|Any CPU.ActiveCfg = Debug|Any CPU
		{24B17B10-64BD-40BF-88C7-04233F6A7981}.Debug|Any CPU.Build.0 = Debug|Any CPU
		{24B17B10-64BD-40BF-88C7-04233F6A7981}.Debug|x64.ActiveCfg = Debug|Any CPU
		{24B17B10-64BD-40BF-88C7-04233F6A7981}.Debug|x64.Build.0 = Debug|Any CPU
		{24B17B10-64BD-40BF-88C7-04233F6A7981}.Debug|x86.ActiveCfg = Debug|Any CPU
		{24B17B10-64BD-40BF-88C7-04233F6A7981}.Debug|x86.Build.0 = Debug|Any CPU
		{24B17B10-64BD-40BF-88C7-04233F6A7981}.Release|Any CPU.ActiveCfg = Release|Any CPU
		{24B17B10-64BD-40BF-88C7-04233F6A7981}.Release|Any CPU.Build.0 = Release|Any CPU
		{24B17B10-64BD-40BF-88C7-04233F6A7981}.Release|x64.ActiveCfg = Release|Any CPU
		{24B17B10-64BD-40BF-88C7-04233F6A7981}.Release|x64.Build.0 = Release|Any CPU
		{24B17B10-64BD-40BF-88C7-04233F6A7981}.Release|x86.ActiveCfg = Release|Any CPU
		{24B17B10-64BD-40BF-88C7-04233F6A7981}.Release|x86.Build.0 = Release|Any CPU
		{9C2DFE66-E9CC-4CF0-820B-E98E6AA35239}.Debug|Any CPU.ActiveCfg = Debug|Any CPU
		{9C2DFE66-E9CC-4CF0-820B-E98E6AA35239}.Debug|Any CPU.Build.0 = Debug|Any CPU
		{9C2DFE66-E9CC-4CF0-820B-E98E6AA35239}.Debug|x64.ActiveCfg = Debug|Any CPU
		{9C2DFE66-E9CC-4CF0-820B-E98E6AA35239}.Debug|x64.Build.0 = Debug|Any CPU
		{9C2DFE66-E9CC-4CF0-820B-E98E6AA35239}.Debug|x86.ActiveCfg = Debug|Any CPU
		{9C2DFE66-E9CC-4CF0-820B-E98E6AA35239}.Debug|x86.Build.0 = Debug|Any CPU
		{9C2DFE66-E9CC-4CF0-820B-E98E6AA35239}.Release|Any CPU.ActiveCfg = Release|Any CPU
		{9C2DFE66-E9CC-4CF0-820B-E98E6AA35239}.Release|Any CPU.Build.0 = Release|Any CPU
		{9C2DFE66-E9CC-4CF0-820B-E98E6AA35239}.Release|x64.ActiveCfg = Release|Any CPU
		{9C2DFE66-E9CC-4CF0-820B-E98E6AA35239}.Release|x64.Build.0 = Release|Any CPU
		{9C2DFE66-E9CC-4CF0-820B-E98E6AA35239}.Release|x86.ActiveCfg = Release|Any CPU
		{9C2DFE66-E9CC-4CF0-820B-E98E6AA35239}.Release|x86.Build.0 = Release|Any CPU
		{07F73A3E-66A4-4EDC-A982-D2359F4BAEF1}.Debug|Any CPU.ActiveCfg = Debug|Any CPU
		{07F73A3E-66A4-4EDC-A982-D2359F4BAEF1}.Debug|Any CPU.Build.0 = Debug|Any CPU
		{07F73A3E-66A4-4EDC-A982-D2359F4BAEF1}.Debug|x64.ActiveCfg = Debug|Any CPU
		{07F73A3E-66A4-4EDC-A982-D2359F4BAEF1}.Debug|x64.Build.0 = Debug|Any CPU
		{07F73A3E-66A4-4EDC-A982-D2359F4BAEF1}.Debug|x86.ActiveCfg = Debug|Any CPU
		{07F73A3E-66A4-4EDC-A982-D2359F4BAEF1}.Debug|x86.Build.0 = Debug|Any CPU
		{07F73A3E-66A4-4EDC-A982-D2359F4BAEF1}.Release|Any CPU.ActiveCfg = Release|Any CPU
		{07F73A3E-66A4-4EDC-A982-D2359F4BAEF1}.Release|Any CPU.Build.0 = Release|Any CPU
		{07F73A3E-66A4-4EDC-A982-D2359F4BAEF1}.Release|x64.ActiveCfg = Release|Any CPU
		{07F73A3E-66A4-4EDC-A982-D2359F4BAEF1}.Release|x64.Build.0 = Release|Any CPU
		{07F73A3E-66A4-4EDC-A982-D2359F4BAEF1}.Release|x86.ActiveCfg = Release|Any CPU
		{07F73A3E-66A4-4EDC-A982-D2359F4BAEF1}.Release|x86.Build.0 = Release|Any CPU
		{41AB1D5C-E3AD-4D86-A7E0-B17C2F4C02E6}.Debug|Any CPU.ActiveCfg = Debug|Any CPU
		{41AB1D5C-E3AD-4D86-A7E0-B17C2F4C02E6}.Debug|Any CPU.Build.0 = Debug|Any CPU
		{41AB1D5C-E3AD-4D86-A7E0-B17C2F4C02E6}.Debug|x64.ActiveCfg = Debug|Any CPU
		{41AB1D5C-E3AD-4D86-A7E0-B17C2F4C02E6}.Debug|x64.Build.0 = Debug|Any CPU
		{41AB1D5C-E3AD-4D86-A7E0-B17C2F4C02E6}.Debug|x86.ActiveCfg = Debug|Any CPU
		{41AB1D5C-E3AD-4D86-A7E0-B17C2F4C02E6}.Debug|x86.Build.0 = Debug|Any CPU
		{41AB1D5C-E3AD-4D86-A7E0-B17C2F4C02E6}.Release|Any CPU.ActiveCfg = Release|Any CPU
		{41AB1D5C-E3AD-4D86-A7E0-B17C2F4C02E6}.Release|Any CPU.Build.0 = Release|Any CPU
		{41AB1D5C-E3AD-4D86-A7E0-B17C2F4C02E6}.Release|x64.ActiveCfg = Release|Any CPU
		{41AB1D5C-E3AD-4D86-A7E0-B17C2F4C02E6}.Release|x64.Build.0 = Release|Any CPU
		{41AB1D5C-E3AD-4D86-A7E0-B17C2F4C02E6}.Release|x86.ActiveCfg = Release|Any CPU
		{41AB1D5C-E3AD-4D86-A7E0-B17C2F4C02E6}.Release|x86.Build.0 = Release|Any CPU
	EndGlobalSection
	GlobalSection(NestedProjects) = preSolution
		{F49C0DDE-37CF-4712-B14F-CCAD48AF8D3C} = {39198E54-53A3-441D-A6FB-1AB846E8F724}
		{7650E3D7-99A4-4B74-9095-6F0B1D4CC3F4} = {39198E54-53A3-441D-A6FB-1AB846E8F724}
		{613888ED-94D6-4D50-95E1-27E6E71DD3BE} = {27A1556B-9F98-4C5A-A23C-65715D37B873}
		{6B6A2E6A-076A-48C0-BAA1-E5C1E3CEDAA8} = {2A8CCABA-7307-4BB6-AC0B-829090542F59}
		{E3BE7979-5CAE-4087-A079-6DE8B1677940} = {2A8CCABA-7307-4BB6-AC0B-829090542F59}
		{EBBBD891-639A-47F5-8D8A-AB2CFE2267DF} = {7BDADF90-C033-4155-A8D3-E5BFEDDDCC90}
		{41AB1D5C-E3AD-4D86-A7E0-B17C2F4C02E6} = {7BDADF90-C033-4155-A8D3-E5BFEDDDCC90}
	EndGlobalSection
EndGlobal
